
Microsoft Visual Studio Solution File, Format Version 12.00
# Visual Studio Version 16
VisualStudioVersion = 16.0.810.6
MinimumVisualStudioVersion = 10.0.40219.1
Project("{FAE04EC0-301F-11D3-BF4B-00C04F79EFBC}") = "api-user-secrets", "api-user-secrets.csproj", "{AF086EAC-521B-4436-BEB2-C30C8EF6B636}"
EndProject
Global
	GlobalSection(SolutionConfigurationPlatforms) = preSolution
		Debug|Any CPU = Debug|Any CPU
		Release|Any CPU = Release|Any CPU
	EndGlobalSection
	GlobalSection(ProjectConfigurationPlatforms) = postSolution
		{AF086EAC-521B-4436-BEB2-C30C8EF6B636}.Debug|Any CPU.ActiveCfg = Debug|Any CPU
		{AF086EAC-521B-4436-BEB2-C30C8EF6B636}.Debug|Any CPU.Build.0 = Debug|Any CPU
		{AF086EAC-521B-4436-BEB2-C30C8EF6B636}.Release|Any CPU.ActiveCfg = Release|Any CPU
		{AF086EAC-521B-4436-BEB2-C30C8EF6B636}.Release|Any CPU.Build.0 = Release|Any CPU
	EndGlobalSection
	GlobalSection(SolutionProperties) = preSolution
		HideSolutionNode = FALSE
	EndGlobalSection
	GlobalSection(ExtensibilityGlobals) = postSolution
		SolutionGuid = {B46A859E-B437-428B-8DB5-8B5B727EA9C3}
	EndGlobalSection
EndGlobal
